
Microsoft Visual Studio Solution File, Format Version 9.00
# Visual Studio 2005
Project("{8BC9CEB8-8B4A-11D0-8D11-00A0C91BC942}") = "udtx", "udtx.vcproj", "{3BB3D8C9-6472-408E-8933-7D1E882B3105}"
EndProject
Global
	GlobalSection(SolutionConfigurationPlatforms) = preSolution
		Debug|Win32 = Debug|Win32
		Release|Win32 = Release|Win32
	EndGlobalSection
	GlobalSection(ProjectConfigurationPlatforms) = postSolution
		{3BB3D8C9-6472-408E-8933-7D1E882B3105}.Debug|Win32.ActiveCfg = Debug|Win32
		{3BB3D8C9-6472-408E-8933-7D1E882B3105}.Debug|Win32.Build.0 = Debug|Win32
		{3BB3D8C9-6472-408E-8933-7D1E882B3105}.Release|Win32.ActiveCfg = Release|Win32
		{3BB3D8C9-6472-408E-8933-7D1E882B3105}.Release|Win32.Build.0 = Release|Win32
	EndGlobalSection
	GlobalSection(SolutionProperties) = preSolution
		HideSolutionNode = FALSE
	EndGlobalSection
EndGlobal
