
Microsoft Visual Studio Solution File, Format Version 9.00
# Visual Studio 2005
Project("{8BC9CEB8-8B4A-11D0-8D11-00A0C91BC942}") = "Repeater", "Repeater.vcproj", "{583E0912-B083-4BF0-A0E3-2209E6226EEA}"
EndProject
Global
	GlobalSection(SolutionConfigurationPlatforms) = preSolution
		Debug|Win32 = Debug|Win32
		Release|Win32 = Release|Win32
	EndGlobalSection
	GlobalSection(ProjectConfigurationPlatforms) = postSolution
		{583E0912-B083-4BF0-A0E3-2209E6226EEA}.Debug|Win32.ActiveCfg = Debug|Win32
		{583E0912-B083-4BF0-A0E3-2209E6226EEA}.Debug|Win32.Build.0 = Debug|Win32
		{583E0912-B083-4BF0-A0E3-2209E6226EEA}.Release|Win32.ActiveCfg = Release|Win32
		{583E0912-B083-4BF0-A0E3-2209E6226EEA}.Release|Win32.Build.0 = Release|Win32
	EndGlobalSection
	GlobalSection(SolutionProperties) = preSolution
		HideSolutionNode = FALSE
	EndGlobalSection
EndGlobal
